
Microsoft Visual Studio Solution File, Format Version 12.00
# Visual Studio 14
VisualStudioVersion = 14.0.25420.1
MinimumVisualStudioVersion = 10.0.40219.1
Project("{FAE04EC0-301F-11D3-BF4B-00C04F79EFBC}") = "SepsisTrust", "SepsisTrust\SepsisTrust\SepsisTrust.csproj", "{28CD7C67-5853-4B40-BB90-46FA3DAD52BD}"
EndProject
Project("{FAE04EC0-301F-11D3-BF4B-00C04F79EFBC}") = "SepsisTrust.Droid", "SepsisTrust\SepsisTrust.Droid\SepsisTrust.Droid.csproj", "{A21E64F2-15F0-48A4-B34E-E5C6B53413DF}"
EndProject
Project("{FAE04EC0-301F-11D3-BF4B-00C04F79EFBC}") = "SepsisTrust.iOS", "SepsisTrust\SepsisTrust.iOS\SepsisTrust.iOS.csproj", "{0FE93634-D73F-437B-8168-ADD37E824395}"
EndProject
Project("{FAE04EC0-301F-11D3-BF4B-00C04F79EFBC}") = "SepsisTrust.WinPhone", "SepsisTrust\SepsisTrust.WinPhone\SepsisTrust.WinPhone.csproj", "{F473337E-4878-41E4-9042-7DAEDC5C6F84}"
EndProject
Project("{FAE04EC0-301F-11D3-BF4B-00C04F79EFBC}") = "SepsisTrust.Model", "SepsisTrust.Model\SepsisTrust.Model.csproj", "{67F9D3A8-F71E-4428-913F-C37AE82CDB24}"
EndProject
Project("{FAE04EC0-301F-11D3-BF4B-00C04F79EFBC}") = "Guidelines", "Guidelines\Guidelines.csproj", "{AEAEAFF0-C95F-46E9-AEBF-F8DFEFD97183}"
EndProject
Project("{FAE04EC0-301F-11D3-BF4B-00C04F79EFBC}") = "GuidelineTestRunner", "GuidelineTestRunner\GuidelineTestRunner.csproj", "{1622DEB3-51C7-42F5-83B9-842CD9E06838}"
EndProject
Global
	GlobalSection(SolutionConfigurationPlatforms) = preSolution
		Ad-Hoc|Any CPU = Ad-Hoc|Any CPU
		Ad-Hoc|ARM = Ad-Hoc|ARM
		Ad-Hoc|iPhone = Ad-Hoc|iPhone
		Ad-Hoc|iPhoneSimulator = Ad-Hoc|iPhoneSimulator
		Ad-Hoc|x86 = Ad-Hoc|x86
		AppStore|Any CPU = AppStore|Any CPU
		AppStore|ARM = AppStore|ARM
		AppStore|iPhone = AppStore|iPhone
		AppStore|iPhoneSimulator = AppStore|iPhoneSimulator
		AppStore|x86 = AppStore|x86
		Debug|Any CPU = Debug|Any CPU
		Debug|ARM = Debug|ARM
		Debug|iPhone = Debug|iPhone
		Debug|iPhoneSimulator = Debug|iPhoneSimulator
		Debug|x86 = Debug|x86
		Release|Any CPU = Release|Any CPU
		Release|ARM = Release|ARM
		Release|iPhone = Release|iPhone
		Release|iPhoneSimulator = Release|iPhoneSimulator
		Release|x86 = Release|x86
	EndGlobalSection
	GlobalSection(ProjectConfigurationPlatforms) = postSolution
		{28CD7C67-5853-4B40-BB90-46FA3DAD52BD}.Ad-Hoc|Any CPU.ActiveCfg = Release|Any CPU
		{28CD7C67-5853-4B40-BB90-46FA3DAD52BD}.Ad-Hoc|Any CPU.Build.0 = Release|Any CPU
		{28CD7C67-5853-4B40-BB90-46FA3DAD52BD}.Ad-Hoc|ARM.ActiveCfg = Release|Any CPU
		{28CD7C67-5853-4B40-BB90-46FA3DAD52BD}.Ad-Hoc|ARM.Build.0 = Release|Any CPU
		{28CD7C67-5853-4B40-BB90-46FA3DAD52BD}.Ad-Hoc|iPhone.ActiveCfg = Release|Any CPU
		{28CD7C67-5853-4B40-BB90-46FA3DAD52BD}.Ad-Hoc|iPhone.Build.0 = Release|Any CPU
		{28CD7C67-5853-4B40-BB90-46FA3DAD52BD}.Ad-Hoc|iPhoneSimulator.ActiveCfg = Release|Any CPU
		{28CD7C67-5853-4B40-BB90-46FA3DAD52BD}.Ad-Hoc|iPhoneSimulator.Build.0 = Release|Any CPU
		{28CD7C67-5853-4B40-BB90-46FA3DAD52BD}.Ad-Hoc|x86.ActiveCfg = Release|Any CPU
		{28CD7C67-5853-4B40-BB90-46FA3DAD52BD}.Ad-Hoc|x86.Build.0 = Release|Any CPU
		{28CD7C67-5853-4B40-BB90-46FA3DAD52BD}.AppStore|Any CPU.ActiveCfg = Release|Any CPU
		{28CD7C67-5853-4B40-BB90-46FA3DAD52BD}.AppStore|Any CPU.Build.0 = Release|Any CPU
		{28CD7C67-5853-4B40-BB90-46FA3DAD52BD}.AppStore|ARM.ActiveCfg = Release|Any CPU
		{28CD7C67-5853-4B40-BB90-46FA3DAD52BD}.AppStore|ARM.Build.0 = Release|Any CPU
		{28CD7C67-5853-4B40-BB90-46FA3DAD52BD}.AppStore|iPhone.ActiveCfg = Release|Any CPU
		{28CD7C67-5853-4B40-BB90-46FA3DAD52BD}.AppStore|iPhone.Build.0 = Release|Any CPU
		{28CD7C67-5853-4B40-BB90-46FA3DAD52BD}.AppStore|iPhoneSimulator.ActiveCfg = Release|Any CPU
		{28CD7C67-5853-4B40-BB90-46FA3DAD52BD}.AppStore|iPhoneSimulator.Build.0 = Release|Any CPU
		{28CD7C67-5853-4B40-BB90-46FA3DAD52BD}.AppStore|x86.ActiveCfg = Release|Any CPU
		{28CD7C67-5853-4B40-BB90-46FA3DAD52BD}.AppStore|x86.Build.0 = Release|Any CPU
		{28CD7C67-5853-4B40-BB90-46FA3DAD52BD}.Debug|Any CPU.ActiveCfg = Debug|Any CPU
		{28CD7C67-5853-4B40-BB90-46FA3DAD52BD}.Debug|Any CPU.Build.0 = Debug|Any CPU
		{28CD7C67-5853-4B40-BB90-46FA3DAD52BD}.Debug|ARM.ActiveCfg = Debug|Any CPU
		{28CD7C67-5853-4B40-BB90-46FA3DAD52BD}.Debug|ARM.Build.0 = Debug|Any CPU
		{28CD7C67-5853-4B40-BB90-46FA3DAD52BD}.Debug|iPhone.ActiveCfg = Debug|Any CPU
		{28CD7C67-5853-4B40-BB90-46FA3DAD52BD}.Debug|iPhone.Build.0 = Debug|Any CPU
		{28CD7C67-5853-4B40-BB90-46FA3DAD52BD}.Debug|iPhoneSimulator.ActiveCfg = Debug|Any CPU
		{28CD7C67-5853-4B40-BB90-46FA3DAD52BD}.Debug|iPhoneSimulator.Build.0 = Debug|Any CPU
		{28CD7C67-5853-4B40-BB90-46FA3DAD52BD}.Debug|x86.ActiveCfg = Debug|Any CPU
		{28CD7C67-5853-4B40-BB90-46FA3DAD52BD}.Debug|x86.Build.0 = Debug|Any CPU
		{28CD7C67-5853-4B40-BB90-46FA3DAD52BD}.Release|Any CPU.ActiveCfg = Release|Any CPU
		{28CD7C67-5853-4B40-BB90-46FA3DAD52BD}.Release|Any CPU.Build.0 = Release|Any CPU
		{28CD7C67-5853-4B40-BB90-46FA3DAD52BD}.Release|ARM.ActiveCfg = Release|Any CPU
		{28CD7C67-5853-4B40-BB90-46FA3DAD52BD}.Release|ARM.Build.0 = Release|Any CPU
		{28CD7C67-5853-4B40-BB90-46FA3DAD52BD}.Release|iPhone.ActiveCfg = Release|Any CPU
		{28CD7C67-5853-4B40-BB90-46FA3DAD52BD}.Release|iPhone.Build.0 = Release|Any CPU
		{28CD7C67-5853-4B40-BB90-46FA3DAD52BD}.Release|iPhoneSimulator.ActiveCfg = Release|Any CPU
		{28CD7C67-5853-4B40-BB90-46FA3DAD52BD}.Release|iPhoneSimulator.Build.0 = Release|Any CPU
		{28CD7C67-5853-4B40-BB90-46FA3DAD52BD}.Release|x86.ActiveCfg = Release|Any CPU
		{28CD7C67-5853-4B40-BB90-46FA3DAD52BD}.Release|x86.Build.0 = Release|Any CPU
		{A21E64F2-15F0-48A4-B34E-E5C6B53413DF}.Ad-Hoc|Any CPU.ActiveCfg = Release|Any CPU
		{A21E64F2-15F0-48A4-B34E-E5C6B53413DF}.Ad-Hoc|Any CPU.Build.0 = Release|Any CPU
		{A21E64F2-15F0-48A4-B34E-E5C6B53413DF}.Ad-Hoc|Any CPU.Deploy.0 = Release|Any CPU
		{A21E64F2-15F0-48A4-B34E-E5C6B53413DF}.Ad-Hoc|ARM.ActiveCfg = Release|Any CPU
		{A21E64F2-15F0-48A4-B34E-E5C6B53413DF}.Ad-Hoc|ARM.Build.0 = Release|Any CPU
		{A21E64F2-15F0-48A4-B34E-E5C6B53413DF}.Ad-Hoc|ARM.Deploy.0 = Release|Any CPU
		{A21E64F2-15F0-48A4-B34E-E5C6B53413DF}.Ad-Hoc|iPhone.ActiveCfg = Release|Any CPU
		{A21E64F2-15F0-48A4-B34E-E5C6B53413DF}.Ad-Hoc|iPhone.Build.0 = Release|Any CPU
		{A21E64F2-15F0-48A4-B34E-E5C6B53413DF}.Ad-Hoc|iPhone.Deploy.0 = Release|Any CPU
		{A21E64F2-15F0-48A4-B34E-E5C6B53413DF}.Ad-Hoc|iPhoneSimulator.ActiveCfg = Release|Any CPU
		{A21E64F2-15F0-48A4-B34E-E5C6B53413DF}.Ad-Hoc|iPhoneSimulator.Build.0 = Release|Any CPU
		{A21E64F2-15F0-48A4-B34E-E5C6B53413DF}.Ad-Hoc|iPhoneSimulator.Deploy.0 = Release|Any CPU
		{A21E64F2-15F0-48A4-B34E-E5C6B53413DF}.Ad-Hoc|x86.ActiveCfg = Release|Any CPU
		{A21E64F2-15F0-48A4-B34E-E5C6B53413DF}.Ad-Hoc|x86.Build.0 = Release|Any CPU
		{A21E64F2-15F0-48A4-B34E-E5C6B53413DF}.Ad-Hoc|x86.Deploy.0 = Release|Any CPU
		{A21E64F2-15F0-48A4-B34E-E5C6B53413DF}.AppStore|Any CPU.ActiveCfg = Release|Any CPU
		{A21E64F2-15F0-48A4-B34E-E5C6B53413DF}.AppStore|Any CPU.Build.0 = Release|Any CPU
		{A21E64F2-15F0-48A4-B34E-E5C6B53413DF}.AppStore|Any CPU.Deploy.0 = Release|Any CPU
		{A21E64F2-15F0-48A4-B34E-E5C6B53413DF}.AppStore|ARM.ActiveCfg = Release|Any CPU
		{A21E64F2-15F0-48A4-B34E-E5C6B53413DF}.AppStore|ARM.Build.0 = Release|Any CPU
		{A21E64F2-15F0-48A4-B34E-E5C6B53413DF}.AppStore|ARM.Deploy.0 = Release|Any CPU
		{A21E64F2-15F0-48A4-B34E-E5C6B53413DF}.AppStore|iPhone.ActiveCfg = Release|Any CPU
		{A21E64F2-15F0-48A4-B34E-E5C6B53413DF}.AppStore|iPhone.Build.0 = Release|Any CPU
		{A21E64F2-15F0-48A4-B34E-E5C6B53413DF}.AppStore|iPhone.Deploy.0 = Release|Any CPU
		{A21E64F2-15F0-48A4-B34E-E5C6B53413DF}.AppStore|iPhoneSimulator.ActiveCfg = Release|Any CPU
		{A21E64F2-15F0-48A4-B34E-E5C6B53413DF}.AppStore|iPhoneSimulator.Build.0 = Release|Any CPU
		{A21E64F2-15F0-48A4-B34E-E5C6B53413DF}.AppStore|iPhoneSimulator.Deploy.0 = Release|Any CPU
		{A21E64F2-15F0-48A4-B34E-E5C6B53413DF}.AppStore|x86.ActiveCfg = Release|Any CPU
		{A21E64F2-15F0-48A4-B34E-E5C6B53413DF}.AppStore|x86.Build.0 = Release|Any CPU
		{A21E64F2-15F0-48A4-B34E-E5C6B53413DF}.AppStore|x86.Deploy.0 = Release|Any CPU
		{A21E64F2-15F0-48A4-B34E-E5C6B53413DF}.Debug|Any CPU.ActiveCfg = Debug|Any CPU
		{A21E64F2-15F0-48A4-B34E-E5C6B53413DF}.Debug|Any CPU.Build.0 = Debug|Any CPU
		{A21E64F2-15F0-48A4-B34E-E5C6B53413DF}.Debug|Any CPU.Deploy.0 = Debug|Any CPU
		{A21E64F2-15F0-48A4-B34E-E5C6B53413DF}.Debug|ARM.ActiveCfg = Debug|Any CPU
		{A21E64F2-15F0-48A4-B34E-E5C6B53413DF}.Debug|ARM.Build.0 = Debug|Any CPU
		{A21E64F2-15F0-48A4-B34E-E5C6B53413DF}.Debug|ARM.Deploy.0 = Debug|Any CPU
		{A21E64F2-15F0-48A4-B34E-E5C6B53413DF}.Debug|iPhone.ActiveCfg = Debug|Any CPU
		{A21E64F2-15F0-48A4-B34E-E5C6B53413DF}.Debug|iPhone.Build.0 = Debug|Any CPU
		{A21E64F2-15F0-48A4-B34E-E5C6B53413DF}.Debug|iPhone.Deploy.0 = Debug|Any CPU
		{A21E64F2-15F0-48A4-B34E-E5C6B53413DF}.Debug|iPhoneSimulator.ActiveCfg = Debug|Any CPU
		{A21E64F2-15F0-48A4-B34E-E5C6B53413DF}.Debug|iPhoneSimulator.Build.0 = Debug|Any CPU
		{A21E64F2-15F0-48A4-B34E-E5C6B53413DF}.Debug|iPhoneSimulator.Deploy.0 = Debug|Any CPU
		{A21E64F2-15F0-48A4-B34E-E5C6B53413DF}.Debug|x86.ActiveCfg = Debug|Any CPU
		{A21E64F2-15F0-48A4-B34E-E5C6B53413DF}.Debug|x86.Build.0 = Debug|Any CPU
		{A21E64F2-15F0-48A4-B34E-E5C6B53413DF}.Debug|x86.Deploy.0 = Debug|Any CPU
		{A21E64F2-15F0-48A4-B34E-E5C6B53413DF}.Release|Any CPU.ActiveCfg = Release|Any CPU
		{A21E64F2-15F0-48A4-B34E-E5C6B53413DF}.Release|Any CPU.Build.0 = Release|Any CPU
		{A21E64F2-15F0-48A4-B34E-E5C6B53413DF}.Release|Any CPU.Deploy.0 = Release|Any CPU
		{A21E64F2-15F0-48A4-B34E-E5C6B53413DF}.Release|ARM.ActiveCfg = Release|Any CPU
		{A21E64F2-15F0-48A4-B34E-E5C6B53413DF}.Release|ARM.Build.0 = Release|Any CPU
		{A21E64F2-15F0-48A4-B34E-E5C6B53413DF}.Release|ARM.Deploy.0 = Release|Any CPU
		{A21E64F2-15F0-48A4-B34E-E5C6B53413DF}.Release|iPhone.ActiveCfg = Release|Any CPU
		{A21E64F2-15F0-48A4-B34E-E5C6B53413DF}.Release|iPhone.Build.0 = Release|Any CPU
		{A21E64F2-15F0-48A4-B34E-E5C6B53413DF}.Release|iPhone.Deploy.0 = Release|Any CPU
		{A21E64F2-15F0-48A4-B34E-E5C6B53413DF}.Release|iPhoneSimulator.ActiveCfg = Release|Any CPU
		{A21E64F2-15F0-48A4-B34E-E5C6B53413DF}.Release|iPhoneSimulator.Build.0 = Release|Any CPU
		{A21E64F2-15F0-48A4-B34E-E5C6B53413DF}.Release|iPhoneSimulator.Deploy.0 = Release|Any CPU
		{A21E64F2-15F0-48A4-B34E-E5C6B53413DF}.Release|x86.ActiveCfg = Release|Any CPU
		{A21E64F2-15F0-48A4-B34E-E5C6B53413DF}.Release|x86.Build.0 = Release|Any CPU
		{A21E64F2-15F0-48A4-B34E-E5C6B53413DF}.Release|x86.Deploy.0 = Release|Any CPU
		{0FE93634-D73F-437B-8168-ADD37E824395}.Ad-Hoc|Any CPU.ActiveCfg = Ad-Hoc|iPhone
		{0FE93634-D73F-437B-8168-ADD37E824395}.Ad-Hoc|ARM.ActiveCfg = Ad-Hoc|iPhone
		{0FE93634-D73F-437B-8168-ADD37E824395}.Ad-Hoc|iPhone.ActiveCfg = Ad-Hoc|iPhone
		{0FE93634-D73F-437B-8168-ADD37E824395}.Ad-Hoc|iPhone.Build.0 = Ad-Hoc|iPhone
		{0FE93634-D73F-437B-8168-ADD37E824395}.Ad-Hoc|iPhoneSimulator.ActiveCfg = Ad-Hoc|iPhoneSimulator
		{0FE93634-D73F-437B-8168-ADD37E824395}.Ad-Hoc|iPhoneSimulator.Build.0 = Ad-Hoc|iPhoneSimulator
		{0FE93634-D73F-437B-8168-ADD37E824395}.Ad-Hoc|x86.ActiveCfg = Ad-Hoc|iPhone
		{0FE93634-D73F-437B-8168-ADD37E824395}.AppStore|Any CPU.ActiveCfg = AppStore|iPhone
		{0FE93634-D73F-437B-8168-ADD37E824395}.AppStore|ARM.ActiveCfg = AppStore|iPhone
		{0FE93634-D73F-437B-8168-ADD37E824395}.AppStore|iPhone.ActiveCfg = AppStore|iPhone
		{0FE93634-D73F-437B-8168-ADD37E824395}.AppStore|iPhone.Build.0 = AppStore|iPhone
		{0FE93634-D73F-437B-8168-ADD37E824395}.AppStore|iPhoneSimulator.ActiveCfg = AppStore|iPhoneSimulator
		{0FE93634-D73F-437B-8168-ADD37E824395}.AppStore|iPhoneSimulator.Build.0 = AppStore|iPhoneSimulator
		{0FE93634-D73F-437B-8168-ADD37E824395}.AppStore|x86.ActiveCfg = AppStore|iPhone
		{0FE93634-D73F-437B-8168-ADD37E824395}.Debug|Any CPU.ActiveCfg = Debug|iPhone
		{0FE93634-D73F-437B-8168-ADD37E824395}.Debug|ARM.ActiveCfg = Debug|iPhone
		{0FE93634-D73F-437B-8168-ADD37E824395}.Debug|iPhone.ActiveCfg = Debug|iPhone
		{0FE93634-D73F-437B-8168-ADD37E824395}.Debug|iPhone.Build.0 = Debug|iPhone
		{0FE93634-D73F-437B-8168-ADD37E824395}.Debug|iPhoneSimulator.ActiveCfg = Debug|iPhoneSimulator
		{0FE93634-D73F-437B-8168-ADD37E824395}.Debug|iPhoneSimulator.Build.0 = Debug|iPhoneSimulator
		{0FE93634-D73F-437B-8168-ADD37E824395}.Debug|x86.ActiveCfg = Debug|iPhone
		{0FE93634-D73F-437B-8168-ADD37E824395}.Release|Any CPU.ActiveCfg = Release|iPhone
		{0FE93634-D73F-437B-8168-ADD37E824395}.Release|ARM.ActiveCfg = Release|iPhone
		{0FE93634-D73F-437B-8168-ADD37E824395}.Release|iPhone.ActiveCfg = Release|iPhone
		{0FE93634-D73F-437B-8168-ADD37E824395}.Release|iPhone.Build.0 = Release|iPhone
		{0FE93634-D73F-437B-8168-ADD37E824395}.Release|iPhoneSimulator.ActiveCfg = Release|iPhoneSimulator
		{0FE93634-D73F-437B-8168-ADD37E824395}.Release|iPhoneSimulator.Build.0 = Release|iPhoneSimulator
		{0FE93634-D73F-437B-8168-ADD37E824395}.Release|x86.ActiveCfg = Release|iPhone
		{F473337E-4878-41E4-9042-7DAEDC5C6F84}.Ad-Hoc|Any CPU.ActiveCfg = Release|Any CPU
		{F473337E-4878-41E4-9042-7DAEDC5C6F84}.Ad-Hoc|Any CPU.Build.0 = Release|Any CPU
		{F473337E-4878-41E4-9042-7DAEDC5C6F84}.Ad-Hoc|Any CPU.Deploy.0 = Release|Any CPU
		{F473337E-4878-41E4-9042-7DAEDC5C6F84}.Ad-Hoc|ARM.ActiveCfg = Release|ARM
		{F473337E-4878-41E4-9042-7DAEDC5C6F84}.Ad-Hoc|ARM.Build.0 = Release|ARM
		{F473337E-4878-41E4-9042-7DAEDC5C6F84}.Ad-Hoc|ARM.Deploy.0 = Release|ARM
		{F473337E-4878-41E4-9042-7DAEDC5C6F84}.Ad-Hoc|iPhone.ActiveCfg = Release|Any CPU
		{F473337E-4878-41E4-9042-7DAEDC5C6F84}.Ad-Hoc|iPhone.Build.0 = Release|Any CPU
		{F473337E-4878-41E4-9042-7DAEDC5C6F84}.Ad-Hoc|iPhone.Deploy.0 = Release|Any CPU
		{F473337E-4878-41E4-9042-7DAEDC5C6F84}.Ad-Hoc|iPhoneSimulator.ActiveCfg = Release|Any CPU
		{F473337E-4878-41E4-9042-7DAEDC5C6F84}.Ad-Hoc|iPhoneSimulator.Build.0 = Release|Any CPU
		{F473337E-4878-41E4-9042-7DAEDC5C6F84}.Ad-Hoc|iPhoneSimulator.Deploy.0 = Release|Any CPU
		{F473337E-4878-41E4-9042-7DAEDC5C6F84}.Ad-Hoc|x86.ActiveCfg = Release|x86
		{F473337E-4878-41E4-9042-7DAEDC5C6F84}.Ad-Hoc|x86.Build.0 = Release|x86
		{F473337E-4878-41E4-9042-7DAEDC5C6F84}.Ad-Hoc|x86.Deploy.0 = Release|x86
		{F473337E-4878-41E4-9042-7DAEDC5C6F84}.AppStore|Any CPU.ActiveCfg = Release|Any CPU
		{F473337E-4878-41E4-9042-7DAEDC5C6F84}.AppStore|Any CPU.Build.0 = Release|Any CPU
		{F473337E-4878-41E4-9042-7DAEDC5C6F84}.AppStore|Any CPU.Deploy.0 = Release|Any CPU
		{F473337E-4878-41E4-9042-7DAEDC5C6F84}.AppStore|ARM.ActiveCfg = Release|ARM
		{F473337E-4878-41E4-9042-7DAEDC5C6F84}.AppStore|ARM.Build.0 = Release|ARM
		{F473337E-4878-41E4-9042-7DAEDC5C6F84}.AppStore|ARM.Deploy.0 = Release|ARM
		{F473337E-4878-41E4-9042-7DAEDC5C6F84}.AppStore|iPhone.ActiveCfg = Release|Any CPU
		{F473337E-4878-41E4-9042-7DAEDC5C6F84}.AppStore|iPhone.Build.0 = Release|Any CPU
		{F473337E-4878-41E4-9042-7DAEDC5C6F84}.AppStore|iPhone.Deploy.0 = Release|Any CPU
		{F473337E-4878-41E4-9042-7DAEDC5C6F84}.AppStore|iPhoneSimulator.ActiveCfg = Release|Any CPU
		{F473337E-4878-41E4-9042-7DAEDC5C6F84}.AppStore|iPhoneSimulator.Build.0 = Release|Any CPU
		{F473337E-4878-41E4-9042-7DAEDC5C6F84}.AppStore|iPhoneSimulator.Deploy.0 = Release|Any CPU
		{F473337E-4878-41E4-9042-7DAEDC5C6F84}.AppStore|x86.ActiveCfg = Release|x86
		{F473337E-4878-41E4-9042-7DAEDC5C6F84}.AppStore|x86.Build.0 = Release|x86
		{F473337E-4878-41E4-9042-7DAEDC5C6F84}.AppStore|x86.Deploy.0 = Release|x86
		{F473337E-4878-41E4-9042-7DAEDC5C6F84}.Debug|Any CPU.ActiveCfg = Debug|Any CPU
		{F473337E-4878-41E4-9042-7DAEDC5C6F84}.Debug|ARM.ActiveCfg = Debug|ARM
		{F473337E-4878-41E4-9042-7DAEDC5C6F84}.Debug|iPhone.ActiveCfg = Debug|Any CPU
		{F473337E-4878-41E4-9042-7DAEDC5C6F84}.Debug|iPhone.Build.0 = Debug|Any CPU
		{F473337E-4878-41E4-9042-7DAEDC5C6F84}.Debug|iPhone.Deploy.0 = Debug|Any CPU
		{F473337E-4878-41E4-9042-7DAEDC5C6F84}.Debug|iPhoneSimulator.ActiveCfg = Debug|Any CPU
		{F473337E-4878-41E4-9042-7DAEDC5C6F84}.Debug|iPhoneSimulator.Build.0 = Debug|Any CPU
		{F473337E-4878-41E4-9042-7DAEDC5C6F84}.Debug|iPhoneSimulator.Deploy.0 = Debug|Any CPU
		{F473337E-4878-41E4-9042-7DAEDC5C6F84}.Debug|x86.ActiveCfg = Debug|x86
		{F473337E-4878-41E4-9042-7DAEDC5C6F84}.Debug|x86.Build.0 = Debug|x86
		{F473337E-4878-41E4-9042-7DAEDC5C6F84}.Debug|x86.Deploy.0 = Debug|x86
		{F473337E-4878-41E4-9042-7DAEDC5C6F84}.Release|Any CPU.ActiveCfg = Release|Any CPU
		{F473337E-4878-41E4-9042-7DAEDC5C6F84}.Release|Any CPU.Build.0 = Release|Any CPU
		{F473337E-4878-41E4-9042-7DAEDC5C6F84}.Release|Any CPU.Deploy.0 = Release|Any CPU
		{F473337E-4878-41E4-9042-7DAEDC5C6F84}.Release|ARM.ActiveCfg = Release|ARM
		{F473337E-4878-41E4-9042-7DAEDC5C6F84}.Release|ARM.Build.0 = Release|ARM
		{F473337E-4878-41E4-9042-7DAEDC5C6F84}.Release|ARM.Deploy.0 = Release|ARM
		{F473337E-4878-41E4-9042-7DAEDC5C6F84}.Release|iPhone.ActiveCfg = Release|Any CPU
		{F473337E-4878-41E4-9042-7DAEDC5C6F84}.Release|iPhone.Build.0 = Release|Any CPU
		{F473337E-4878-41E4-9042-7DAEDC5C6F84}.Release|iPhone.Deploy.0 = Release|Any CPU
		{F473337E-4878-41E4-9042-7DAEDC5C6F84}.Release|iPhoneSimulator.ActiveCfg = Release|Any CPU
		{F473337E-4878-41E4-9042-7DAEDC5C6F84}.Release|iPhoneSimulator.Build.0 = Release|Any CPU
		{F473337E-4878-41E4-9042-7DAEDC5C6F84}.Release|iPhoneSimulator.Deploy.0 = Release|Any CPU
		{F473337E-4878-41E4-9042-7DAEDC5C6F84}.Release|x86.ActiveCfg = Release|x86
		{F473337E-4878-41E4-9042-7DAEDC5C6F84}.Release|x86.Build.0 = Release|x86
		{F473337E-4878-41E4-9042-7DAEDC5C6F84}.Release|x86.Deploy.0 = Release|x86
		{67F9D3A8-F71E-4428-913F-C37AE82CDB24}.Ad-Hoc|Any CPU.ActiveCfg = Release|Any CPU
		{67F9D3A8-F71E-4428-913F-C37AE82CDB24}.Ad-Hoc|Any CPU.Build.0 = Release|Any CPU
		{67F9D3A8-F71E-4428-913F-C37AE82CDB24}.Ad-Hoc|ARM.ActiveCfg = Release|Any CPU
		{67F9D3A8-F71E-4428-913F-C37AE82CDB24}.Ad-Hoc|ARM.Build.0 = Release|Any CPU
		{67F9D3A8-F71E-4428-913F-C37AE82CDB24}.Ad-Hoc|iPhone.ActiveCfg = Release|Any CPU
		{67F9D3A8-F71E-4428-913F-C37AE82CDB24}.Ad-Hoc|iPhone.Build.0 = Release|Any CPU
		{67F9D3A8-F71E-4428-913F-C37AE82CDB24}.Ad-Hoc|iPhoneSimulator.ActiveCfg = Release|Any CPU
		{67F9D3A8-F71E-4428-913F-C37AE82CDB24}.Ad-Hoc|iPhoneSimulator.Build.0 = Release|Any CPU
		{67F9D3A8-F71E-4428-913F-C37AE82CDB24}.Ad-Hoc|x86.ActiveCfg = Release|Any CPU
		{67F9D3A8-F71E-4428-913F-C37AE82CDB24}.Ad-Hoc|x86.Build.0 = Release|Any CPU
		{67F9D3A8-F71E-4428-913F-C37AE82CDB24}.AppStore|Any CPU.ActiveCfg = Release|Any CPU
		{67F9D3A8-F71E-4428-913F-C37AE82CDB24}.AppStore|Any CPU.Build.0 = Release|Any CPU
		{67F9D3A8-F71E-4428-913F-C37AE82CDB24}.AppStore|ARM.ActiveCfg = Release|Any CPU
		{67F9D3A8-F71E-4428-913F-C37AE82CDB24}.AppStore|ARM.Build.0 = Release|Any CPU
		{67F9D3A8-F71E-4428-913F-C37AE82CDB24}.AppStore|iPhone.ActiveCfg = Release|Any CPU
		{67F9D3A8-F71E-4428-913F-C37AE82CDB24}.AppStore|iPhone.Build.0 = Release|Any CPU
		{67F9D3A8-F71E-4428-913F-C37AE82CDB24}.AppStore|iPhoneSimulator.ActiveCfg = Release|Any CPU
		{67F9D3A8-F71E-4428-913F-C37AE82CDB24}.AppStore|iPhoneSimulator.Build.0 = Release|Any CPU
		{67F9D3A8-F71E-4428-913F-C37AE82CDB24}.AppStore|x86.ActiveCfg = Release|Any CPU
		{67F9D3A8-F71E-4428-913F-C37AE82CDB24}.AppStore|x86.Build.0 = Release|Any CPU
		{67F9D3A8-F71E-4428-913F-C37AE82CDB24}.Debug|Any CPU.ActiveCfg = Debug|Any CPU
		{67F9D3A8-F71E-4428-913F-C37AE82CDB24}.Debug|Any CPU.Build.0 = Debug|Any CPU
		{67F9D3A8-F71E-4428-913F-C37AE82CDB24}.Debug|ARM.ActiveCfg = Debug|Any CPU
		{67F9D3A8-F71E-4428-913F-C37AE82CDB24}.Debug|ARM.Build.0 = Debug|Any CPU
		{67F9D3A8-F71E-4428-913F-C37AE82CDB24}.Debug|iPhone.ActiveCfg = Debug|Any CPU
		{67F9D3A8-F71E-4428-913F-C37AE82CDB24}.Debug|iPhone.Build.0 = Debug|Any CPU
		{67F9D3A8-F71E-4428-913F-C37AE82CDB24}.Debug|iPhoneSimulator.ActiveCfg = Debug|Any CPU
		{67F9D3A8-F71E-4428-913F-C37AE82CDB24}.Debug|iPhoneSimulator.Build.0 = Debug|Any CPU
		{67F9D3A8-F71E-4428-913F-C37AE82CDB24}.Debug|x86.ActiveCfg = Debug|Any CPU
		{67F9D3A8-F71E-4428-913F-C37AE82CDB24}.Debug|x86.Build.0 = Debug|Any CPU
		{67F9D3A8-F71E-4428-913F-C37AE82CDB24}.Release|Any CPU.ActiveCfg = Release|Any CPU
		{67F9D3A8-F71E-4428-913F-C37AE82CDB24}.Release|Any CPU.Build.0 = Release|Any CPU
		{67F9D3A8-F71E-4428-913F-C37AE82CDB24}.Release|ARM.ActiveCfg = Release|Any CPU
		{67F9D3A8-F71E-4428-913F-C37AE82CDB24}.Release|ARM.Build.0 = Release|Any CPU
		{67F9D3A8-F71E-4428-913F-C37AE82CDB24}.Release|iPhone.ActiveCfg = Release|Any CPU
		{67F9D3A8-F71E-4428-913F-C37AE82CDB24}.Release|iPhone.Build.0 = Release|Any CPU
		{67F9D3A8-F71E-4428-913F-C37AE82CDB24}.Release|iPhoneSimulator.ActiveCfg = Release|Any CPU
		{67F9D3A8-F71E-4428-913F-C37AE82CDB24}.Release|iPhoneSimulator.Build.0 = Release|Any CPU
		{67F9D3A8-F71E-4428-913F-C37AE82CDB24}.Release|x86.ActiveCfg = Release|Any CPU
		{67F9D3A8-F71E-4428-913F-C37AE82CDB24}.Release|x86.Build.0 = Release|Any CPU
		{AEAEAFF0-C95F-46E9-AEBF-F8DFEFD97183}.Ad-Hoc|Any CPU.ActiveCfg = Release|Any CPU
		{AEAEAFF0-C95F-46E9-AEBF-F8DFEFD97183}.Ad-Hoc|Any CPU.Build.0 = Release|Any CPU
		{AEAEAFF0-C95F-46E9-AEBF-F8DFEFD97183}.Ad-Hoc|ARM.ActiveCfg = Release|Any CPU
		{AEAEAFF0-C95F-46E9-AEBF-F8DFEFD97183}.Ad-Hoc|ARM.Build.0 = Release|Any CPU
		{AEAEAFF0-C95F-46E9-AEBF-F8DFEFD97183}.Ad-Hoc|iPhone.ActiveCfg = Release|Any CPU
		{AEAEAFF0-C95F-46E9-AEBF-F8DFEFD97183}.Ad-Hoc|iPhone.Build.0 = Release|Any CPU
		{AEAEAFF0-C95F-46E9-AEBF-F8DFEFD97183}.Ad-Hoc|iPhoneSimulator.ActiveCfg = Release|Any CPU
		{AEAEAFF0-C95F-46E9-AEBF-F8DFEFD97183}.Ad-Hoc|iPhoneSimulator.Build.0 = Release|Any CPU
		{AEAEAFF0-C95F-46E9-AEBF-F8DFEFD97183}.Ad-Hoc|x86.ActiveCfg = Release|Any CPU
		{AEAEAFF0-C95F-46E9-AEBF-F8DFEFD97183}.Ad-Hoc|x86.Build.0 = Release|Any CPU
		{AEAEAFF0-C95F-46E9-AEBF-F8DFEFD97183}.AppStore|Any CPU.ActiveCfg = Release|Any CPU
		{AEAEAFF0-C95F-46E9-AEBF-F8DFEFD97183}.AppStore|Any CPU.Build.0 = Release|Any CPU
		{AEAEAFF0-C95F-46E9-AEBF-F8DFEFD97183}.AppStore|ARM.ActiveCfg = Release|Any CPU
		{AEAEAFF0-C95F-46E9-AEBF-F8DFEFD97183}.AppStore|ARM.Build.0 = Release|Any CPU
		{AEAEAFF0-C95F-46E9-AEBF-F8DFEFD97183}.AppStore|iPhone.ActiveCfg = Release|Any CPU
		{AEAEAFF0-C95F-46E9-AEBF-F8DFEFD97183}.AppStore|iPhone.Build.0 = Release|Any CPU
		{AEAEAFF0-C95F-46E9-AEBF-F8DFEFD97183}.AppStore|iPhoneSimulator.ActiveCfg = Release|Any CPU
		{AEAEAFF0-C95F-46E9-AEBF-F8DFEFD97183}.AppStore|iPhoneSimulator.Build.0 = Release|Any CPU
		{AEAEAFF0-C95F-46E9-AEBF-F8DFEFD97183}.AppStore|x86.ActiveCfg = Release|Any CPU
		{AEAEAFF0-C95F-46E9-AEBF-F8DFEFD97183}.AppStore|x86.Build.0 = Release|Any CPU
		{AEAEAFF0-C95F-46E9-AEBF-F8DFEFD97183}.Debug|Any CPU.ActiveCfg = Debug|Any CPU
		{AEAEAFF0-C95F-46E9-AEBF-F8DFEFD97183}.Debug|Any CPU.Build.0 = Debug|Any CPU
		{AEAEAFF0-C95F-46E9-AEBF-F8DFEFD97183}.Debug|ARM.ActiveCfg = Debug|Any CPU
		{AEAEAFF0-C95F-46E9-AEBF-F8DFEFD97183}.Debug|ARM.Build.0 = Debug|Any CPU
		{AEAEAFF0-C95F-46E9-AEBF-F8DFEFD97183}.Debug|iPhone.ActiveCfg = Debug|Any CPU
		{AEAEAFF0-C95F-46E9-AEBF-F8DFEFD97183}.Debug|iPhone.Build.0 = Debug|Any CPU
		{AEAEAFF0-C95F-46E9-AEBF-F8DFEFD97183}.Debug|iPhoneSimulator.ActiveCfg = Debug|Any CPU
		{AEAEAFF0-C95F-46E9-AEBF-F8DFEFD97183}.Debug|iPhoneSimulator.Build.0 = Debug|Any CPU
		{AEAEAFF0-C95F-46E9-AEBF-F8DFEFD97183}.Debug|x86.ActiveCfg = Debug|Any CPU
		{AEAEAFF0-C95F-46E9-AEBF-F8DFEFD97183}.Debug|x86.Build.0 = Debug|Any CPU
		{AEAEAFF0-C95F-46E9-AEBF-F8DFEFD97183}.Release|Any CPU.ActiveCfg = Release|Any CPU
		{AEAEAFF0-C95F-46E9-AEBF-F8DFEFD97183}.Release|Any CPU.Build.0 = Release|Any CPU
		{AEAEAFF0-C95F-46E9-AEBF-F8DFEFD97183}.Release|ARM.ActiveCfg = Release|Any CPU
		{AEAEAFF0-C95F-46E9-AEBF-F8DFEFD97183}.Release|ARM.Build.0 = Release|Any CPU
		{AEAEAFF0-C95F-46E9-AEBF-F8DFEFD97183}.Release|iPhone.ActiveCfg = Release|Any CPU
		{AEAEAFF0-C95F-46E9-AEBF-F8DFEFD97183}.Release|iPhone.Build.0 = Release|Any CPU
		{AEAEAFF0-C95F-46E9-AEBF-F8DFEFD97183}.Release|iPhoneSimulator.ActiveCfg = Release|Any CPU
		{AEAEAFF0-C95F-46E9-AEBF-F8DFEFD97183}.Release|iPhoneSimulator.Build.0 = Release|Any CPU
		{AEAEAFF0-C95F-46E9-AEBF-F8DFEFD97183}.Release|x86.ActiveCfg = Release|Any CPU
		{AEAEAFF0-C95F-46E9-AEBF-F8DFEFD97183}.Release|x86.Build.0 = Release|Any CPU
		{1622DEB3-51C7-42F5-83B9-842CD9E06838}.Ad-Hoc|Any CPU.ActiveCfg = Release|Any CPU
		{1622DEB3-51C7-42F5-83B9-842CD9E06838}.Ad-Hoc|Any CPU.Build.0 = Release|Any CPU
		{1622DEB3-51C7-42F5-83B9-842CD9E06838}.Ad-Hoc|ARM.ActiveCfg = Release|Any CPU
		{1622DEB3-51C7-42F5-83B9-842CD9E06838}.Ad-Hoc|ARM.Build.0 = Release|Any CPU
		{1622DEB3-51C7-42F5-83B9-842CD9E06838}.Ad-Hoc|iPhone.ActiveCfg = Release|Any CPU
		{1622DEB3-51C7-42F5-83B9-842CD9E06838}.Ad-Hoc|iPhone.Build.0 = Release|Any CPU
		{1622DEB3-51C7-42F5-83B9-842CD9E06838}.Ad-Hoc|iPhoneSimulator.ActiveCfg = Release|Any CPU
		{1622DEB3-51C7-42F5-83B9-842CD9E06838}.Ad-Hoc|iPhoneSimulator.Build.0 = Release|Any CPU
		{1622DEB3-51C7-42F5-83B9-842CD9E06838}.Ad-Hoc|x86.ActiveCfg = Release|Any CPU
		{1622DEB3-51C7-42F5-83B9-842CD9E06838}.Ad-Hoc|x86.Build.0 = Release|Any CPU
		{1622DEB3-51C7-42F5-83B9-842CD9E06838}.AppStore|Any CPU.ActiveCfg = Release|Any CPU
		{1622DEB3-51C7-42F5-83B9-842CD9E06838}.AppStore|Any CPU.Build.0 = Release|Any CPU
		{1622DEB3-51C7-42F5-83B9-842CD9E06838}.AppStore|ARM.ActiveCfg = Release|Any CPU
		{1622DEB3-51C7-42F5-83B9-842CD9E06838}.AppStore|ARM.Build.0 = Release|Any CPU
		{1622DEB3-51C7-42F5-83B9-842CD9E06838}.AppStore|iPhone.ActiveCfg = Release|Any CPU
		{1622DEB3-51C7-42F5-83B9-842CD9E06838}.AppStore|iPhone.Build.0 = Release|Any CPU
		{1622DEB3-51C7-42F5-83B9-842CD9E06838}.AppStore|iPhoneSimulator.ActiveCfg = Release|Any CPU
		{1622DEB3-51C7-42F5-83B9-842CD9E06838}.AppStore|iPhoneSimulator.Build.0 = Release|Any CPU
		{1622DEB3-51C7-42F5-83B9-842CD9E06838}.AppStore|x86.ActiveCfg = Release|Any CPU
		{1622DEB3-51C7-42F5-83B9-842CD9E06838}.AppStore|x86.Build.0 = Release|Any CPU
		{1622DEB3-51C7-42F5-83B9-842CD9E06838}.Debug|Any CPU.ActiveCfg = Debug|Any CPU
		{1622DEB3-51C7-42F5-83B9-842CD9E06838}.Debug|ARM.ActiveCfg = Debug|Any CPU
		{1622DEB3-51C7-42F5-83B9-842CD9E06838}.Debug|iPhone.ActiveCfg = Debug|Any CPU
		{1622DEB3-51C7-42F5-83B9-842CD9E06838}.Debug|iPhone.Build.0 = Debug|Any CPU
		{1622DEB3-51C7-42F5-83B9-842CD9E06838}.Debug|iPhoneSimulator.ActiveCfg = Debug|Any CPU
		{1622DEB3-51C7-42F5-83B9-842CD9E06838}.Debug|iPhoneSimulator.Build.0 = Debug|Any CPU
		{1622DEB3-51C7-42F5-83B9-842CD9E06838}.Debug|x86.ActiveCfg = Debug|Any CPU
		{1622DEB3-51C7-42F5-83B9-842CD9E06838}.Debug|x86.Build.0 = Debug|Any CPU
		{1622DEB3-51C7-42F5-83B9-842CD9E06838}.Release|Any CPU.ActiveCfg = Release|Any CPU
		{1622DEB3-51C7-42F5-83B9-842CD9E06838}.Release|Any CPU.Build.0 = Release|Any CPU
		{1622DEB3-51C7-42F5-83B9-842CD9E06838}.Release|ARM.ActiveCfg = Release|Any CPU
		{1622DEB3-51C7-42F5-83B9-842CD9E06838}.Release|ARM.Build.0 = Release|Any CPU
		{1622DEB3-51C7-42F5-83B9-842CD9E06838}.Release|iPhone.ActiveCfg = Release|Any CPU
		{1622DEB3-51C7-42F5-83B9-842CD9E06838}.Release|iPhone.Build.0 = Release|Any CPU
		{1622DEB3-51C7-42F5-83B9-842CD9E06838}.Release|iPhoneSimulator.ActiveCfg = Release|Any CPU
		{1622DEB3-51C7-42F5-83B9-842CD9E06838}.Release|iPhoneSimulator.Build.0 = Release|Any CPU
		{1622DEB3-51C7-42F5-83B9-842CD9E06838}.Release|x86.ActiveCfg = Release|Any CPU
		{1622DEB3-51C7-42F5-83B9-842CD9E06838}.Release|x86.Build.0 = Release|Any CPU
	EndGlobalSection
	GlobalSection(SolutionProperties) = preSolution
		HideSolutionNode = FALSE
	EndGlobalSection
EndGlobal
